
Microsoft Visual Studio Solution File, Format Version 12.00
# Visual Studio 15
VisualStudioVersion = 15.0.27428.2037
MinimumVisualStudioVersion = 10.0.40219.1
Project("{8BC9CEB8-8B4A-11D0-8D11-00A0C91BC942}") = "Inheritance, Polymorphism,  Virtual(Ch 15)", "Inheritance, Polymorphism,  Virtual(Ch 15)\Inheritance, Polymorphism,  Virtual(Ch 15).vcxproj", "{E1764682-67C7-434C-B647-A4A60734222F}"
EndProject
Global
	GlobalSection(SolutionConfigurationPlatforms) = preSolution
		Debug|x64 = Debug|x64
		Debug|x86 = Debug|x86
		Release|x64 = Release|x64
		Release|x86 = Release|x86
	EndGlobalSection
	GlobalSection(ProjectConfigurationPlatforms) = postSolution
		{E1764682-67C7-434C-B647-A4A60734222F}.Debug|x64.ActiveCfg = Debug|x64
		{E1764682-67C7-434C-B647-A4A60734222F}.Debug|x64.Build.0 = Debug|x64
		{E1764682-67C7-434C-B647-A4A60734222F}.Debug|x86.ActiveCfg = Debug|Win32
		{E1764682-67C7-434C-B647-A4A60734222F}.Debug|x86.Build.0 = Debug|Win32
		{E1764682-67C7-434C-B647-A4A60734222F}.Release|x64.ActiveCfg = Release|x64
		{E1764682-67C7-434C-B647-A4A60734222F}.Release|x64.Build.0 = Release|x64
		{E1764682-67C7-434C-B647-A4A60734222F}.Release|x86.ActiveCfg = Release|Win32
		{E1764682-67C7-434C-B647-A4A60734222F}.Release|x86.Build.0 = Release|Win32
	EndGlobalSection
	GlobalSection(SolutionProperties) = preSolution
		HideSolutionNode = FALSE
	EndGlobalSection
	GlobalSection(ExtensibilityGlobals) = postSolution
		SolutionGuid = {F85E477D-0C57-47BC-9F00-38A4401A321D}
	EndGlobalSection
EndGlobal
