
Microsoft Visual Studio Solution File, Format Version 12.00
# Visual Studio 15
VisualStudioVersion = 15.0.27004.2005
MinimumVisualStudioVersion = 10.0.40219.1
Project("{8BC9CEB8-8B4A-11D0-8D11-00A0C91BC942}") = "Programming II Library System Project", "Programming II Library System Project\Programming II Library System Project.vcxproj", "{1CAD3787-3C06-4467-BFD6-758B9B853D92}"
EndProject
Global
	GlobalSection(SolutionConfigurationPlatforms) = preSolution
		Debug|x64 = Debug|x64
		Debug|x86 = Debug|x86
		Release|x64 = Release|x64
		Release|x86 = Release|x86
	EndGlobalSection
	GlobalSection(ProjectConfigurationPlatforms) = postSolution
		{1CAD3787-3C06-4467-BFD6-758B9B853D92}.Debug|x64.ActiveCfg = Debug|x64
		{1CAD3787-3C06-4467-BFD6-758B9B853D92}.Debug|x64.Build.0 = Debug|x64
		{1CAD3787-3C06-4467-BFD6-758B9B853D92}.Debug|x86.ActiveCfg = Debug|Win32
		{1CAD3787-3C06-4467-BFD6-758B9B853D92}.Debug|x86.Build.0 = Debug|Win32
		{1CAD3787-3C06-4467-BFD6-758B9B853D92}.Release|x64.ActiveCfg = Release|x64
		{1CAD3787-3C06-4467-BFD6-758B9B853D92}.Release|x64.Build.0 = Release|x64
		{1CAD3787-3C06-4467-BFD6-758B9B853D92}.Release|x86.ActiveCfg = Release|Win32
		{1CAD3787-3C06-4467-BFD6-758B9B853D92}.Release|x86.Build.0 = Release|Win32
	EndGlobalSection
	GlobalSection(SolutionProperties) = preSolution
		HideSolutionNode = FALSE
	EndGlobalSection
	GlobalSection(ExtensibilityGlobals) = postSolution
		SolutionGuid = {7BFFAE7C-4BF9-4C71-B892-93623B604332}
	EndGlobalSection
EndGlobal
